// !$*UTF8*$!
{
	archiveVersion = 1;
	classes = {
	};
	objectVersion = 48;
	objects = {

/* Begin PBXBuildFile section */
		9DB1A8721F70CA6100C71162 /* AppDelegate.swift in Sources */ = {isa = PBXBuildFile; fileRef = 9DB1A8711F70CA6100C71162 /* AppDelegate.swift */; };
		9DB1A8741F70CA6100C71162 /* ViewController.swift in Sources */ = {isa = PBXBuildFile; fileRef = 9DB1A8731F70CA6100C71162 /* ViewController.swift */; };
		9DB1A8771F70CA6100C71162 /* Main.storyboard in Resources */ = {isa = PBXBuildFile; fileRef = 9DB1A8751F70CA6100C71162 /* Main.storyboard */; };
		9DB1A8791F70CA6100C71162 /* Assets.xcassets in Resources */ = {isa = PBXBuildFile; fileRef = 9DB1A8781F70CA6100C71162 /* Assets.xcassets */; };
		9DB1A87C1F70CA6100C71162 /* LaunchScreen.storyboard in Resources */ = {isa = PBXBuildFile; fileRef = 9DB1A87A1F70CA6100C71162 /* LaunchScreen.storyboard */; };
		9DB1A8861F70CAE100C71162 /* SVProgressHUD.framework in Frameworks */ = {isa = PBXBuildFile; fileRef = 9DB1A8831F70CAE100C71162 /* SVProgressHUD.framework */; };
		9DB1A8871F70CAE100C71162 /* SVProgressHUD.framework in Embed Frameworks */ = {isa = PBXBuildFile; fileRef = 9DB1A8831F70CAE100C71162 /* SVProgressHUD.framework */; settings = {ATTRIBUTES = (CodeSignOnCopy, RemoveHeadersOnCopy, ); }; };
		9DB1A8881F70CAE100C71162 /* VisualRecognitionV3.framework in Frameworks */ = {isa = PBXBuildFile; fileRef = 9DB1A8841F70CAE100C71162 /* VisualRecognitionV3.framework */; };
		9DB1A8891F70CAE100C71162 /* VisualRecognitionV3.framework in Embed Frameworks */ = {isa = PBXBuildFile; fileRef = 9DB1A8841F70CAE100C71162 /* VisualRecognitionV3.framework */; settings = {ATTRIBUTES = (CodeSignOnCopy, RemoveHeadersOnCopy, ); }; };
		9DB1A88A1F70CAE100C71162 /* RestKit.framework in Frameworks */ = {isa = PBXBuildFile; fileRef = 9DB1A8851F70CAE100C71162 /* RestKit.framework */; };
		9DB1A88B1F70CAE100C71162 /* RestKit.framework in Embed Frameworks */ = {isa = PBXBuildFile; fileRef = 9DB1A8851F70CAE100C71162 /* RestKit.framework */; settings = {ATTRIBUTES = (CodeSignOnCopy, RemoveHeadersOnCopy, ); }; };
/* End PBXBuildFile section */

/* Begin PBXCopyFilesBuildPhase section */
		9DB1A88C1F70CAE100C71162 /* Embed Frameworks */ = {
			isa = PBXCopyFilesBuildPhase;
			buildActionMask = 2147483647;
			dstPath = "";
			dstSubfolderSpec = 10;
			files = (
				9DB1A8871F70CAE100C71162 /* SVProgressHUD.framework in Embed Frameworks */,
				9DB1A8891F70CAE100C71162 /* VisualRecognitionV3.framework in Embed Frameworks */,
				9DB1A88B1F70CAE100C71162 /* RestKit.framework in Embed Frameworks */,
			);
			name = "Embed Frameworks";
			runOnlyForDeploymentPostprocessing = 0;
		};
/* End PBXCopyFilesBuildPhase section */

/* Begin PBXFileReference section */
		9DB1A86E1F70CA6100C71162 /* SeeFood2.app */ = {isa = PBXFileReference; explicitFileType = wrapper.application; includeInIndex = 0; path = SeeFood2.app; sourceTree = BUILT_PRODUCTS_DIR; };
		9DB1A8711F70CA6100C71162 /* AppDelegate.swift */ = {isa = PBXFileReference; lastKnownFileType = sourcecode.swift; path = AppDelegate.swift; sourceTree = "<group>"; };
		9DB1A8731F70CA6100C71162 /* ViewController.swift */ = {isa = PBXFileReference; lastKnownFileType = sourcecode.swift; path = ViewController.swift; sourceTree = "<group>"; };
		9DB1A8761F70CA6100C71162 /* Base */ = {isa = PBXFileReference; lastKnownFileType = file.storyboard; name = Base; path = Base.lproj/Main.storyboard; sourceTree = "<group>"; };
		9DB1A8781F70CA6100C71162 /* Assets.xcassets */ = {isa = PBXFileReference; lastKnownFileType = folder.assetcatalog; path = Assets.xcassets; sourceTree = "<group>"; };
		9DB1A87B1F70CA6100C71162 /* Base */ = {isa = PBXFileReference; lastKnownFileType = file.storyboard; name = Base; path = Base.lproj/LaunchScreen.storyboard; sourceTree = "<group>"; };
		9DB1A87D1F70CA6100C71162 /* Info.plist */ = {isa = PBXFileReference; lastKnownFileType = text.plist.xml; path = Info.plist; sourceTree = "<group>"; };
		9DB1A8831F70CAE100C71162 /* SVProgressHUD.framework */ = {isa = PBXFileReference; lastKnownFileType = wrapper.framework; name = SVProgressHUD.framework; path = ../Carthage/Build/iOS/SVProgressHUD.framework; sourceTree = "<group>"; };
		9DB1A8841F70CAE100C71162 /* VisualRecognitionV3.framework */ = {isa = PBXFileReference; lastKnownFileType = wrapper.framework; name = VisualRecognitionV3.framework; path = ../Carthage/Build/iOS/VisualRecognitionV3.framework; sourceTree = "<group>"; };
		9DB1A8851F70CAE100C71162 /* RestKit.framework */ = {isa = PBXFileReference; lastKnownFileType = wrapper.framework; name = RestKit.framework; path = ../Carthage/Build/iOS/RestKit.framework; sourceTree = "<group>"; };
/* End PBXFileReference section */

/* Begin PBXFrameworksBuildPhase section */
		9DB1A86B1F70CA6100C71162 /* Frameworks */ = {
			isa = PBXFrameworksBuildPhase;
			buildActionMask = 2147483647;
			files = (
				9DB1A8861F70CAE100C71162 /* SVProgressHUD.framework in Frameworks */,
				9DB1A8881F70CAE100C71162 /* VisualRecognitionV3.framework in Frameworks */,
				9DB1A88A1F70CAE100C71162 /* RestKit.framework in Frameworks */,
			);
			runOnlyForDeploymentPostprocessing = 0;
		};
/* End PBXFrameworksBuildPhase section */

/* Begin PBXGroup section */
		9DB1A8651F70CA6100C71162 = {
			isa = PBXGroup;
			children = (
				9DB1A8851F70CAE100C71162 /* RestKit.framework */,
				9DB1A8831F70CAE100C71162 /* SVProgressHUD.framework */,
				9DB1A8841F70CAE100C71162 /* VisualRecognitionV3.framework */,
				9DB1A8701F70CA6100C71162 /* SeeFood2 */,
				9DB1A86F1F70CA6100C71162 /* Products */,
			);
			sourceTree = "<group>";
		};
		9DB1A86F1F70CA6100C71162 /* Products */ = {
			isa = PBXGroup;
			children = (
				9DB1A86E1F70CA6100C71162 /* SeeFood2.app */,
			);
			name = Products;
			sourceTree = "<group>";
		};
		9DB1A8701F70CA6100C71162 /* SeeFood2 */ = {
			isa = PBXGroup;
			children = (
				9DB1A8711F70CA6100C71162 /* AppDelegate.swift */,
				9DB1A8731F70CA6100C71162 /* ViewController.swift */,
				9DB1A8751F70CA6100C71162 /* Main.storyboard */,
				9DB1A8781F70CA6100C71162 /* Assets.xcassets */,
				9DB1A87A1F70CA6100C71162 /* LaunchScreen.storyboard */,
				9DB1A87D1F70CA6100C71162 /* Info.plist */,
			);
			path = SeeFood2;
			sourceTree = "<group>";
		};
/* End PBXGroup section */

/* Begin PBXNativeTarget section */
		9DB1A86D1F70CA6100C71162 /* SeeFood2 */ = {
			isa = PBXNativeTarget;
			buildConfigurationList = 9DB1A8801F70CA6100C71162 /* Build configuration list for PBXNativeTarget "SeeFood2" */;
			buildPhases = (
				9DB1A86A1F70CA6100C71162 /* Sources */,
				9DB1A86B1F70CA6100C71162 /* Frameworks */,
				9DB1A86C1F70CA6100C71162 /* Resources */,
				9DB1A88C1F70CAE100C71162 /* Embed Frameworks */,
			);
			buildRules = (
			);
			dependencies = (
			);
			name = SeeFood2;
			productName = SeeFood2;
			productReference = 9DB1A86E1F70CA6100C71162 /* SeeFood2.app */;
			productType = "com.apple.product-type.application";
		};
/* End PBXNativeTarget section */

/* Begin PBXProject section */
		9DB1A8661F70CA6100C71162 /* Project object */ = {
			isa = PBXProject;
			attributes = {
				LastSwiftUpdateCheck = 0900;
				LastUpgradeCheck = 0900;
				ORGANIZATIONNAME = "Hoang Vo";
				TargetAttributes = {
					9DB1A86D1F70CA6100C71162 = {
						CreatedOnToolsVersion = 9.0;
						ProvisioningStyle = Automatic;
					};
				};
			};
			buildConfigurationList = 9DB1A8691F70CA6100C71162 /* Build configuration list for PBXProject "SeeFood2" */;
			compatibilityVersion = "Xcode 8.0";
			developmentRegion = en;
			hasScannedForEncodings = 0;
			knownRegions = (
				en,
				Base,
			);
			mainGroup = 9DB1A8651F70CA6100C71162;
			productRefGroup = 9DB1A86F1F70CA6100C71162 /* Products */;
			projectDirPath = "";
			projectRoot = "";
			targets = (
				9DB1A86D1F70CA6100C71162 /* SeeFood2 */,
			);
		};
/* End PBXProject section */

/* Begin PBXResourcesBuildPhase section */
		9DB1A86C1F70CA6100C71162 /* Resources */ = {
			isa = PBXResourcesBuildPhase;
			buildActionMask = 2147483647;
			files = (
				9DB1A87C1F70CA6100C71162 /* LaunchScreen.storyboard in Resources */,
				9DB1A8791F70CA6100C71162 /* Assets.xcassets in Resources */,
				9DB1A8771F70CA6100C71162 /* Main.storyboard in Resources */,
			);
			runOnlyForDeploymentPostprocessing = 0;
		};
/* End PBXResourcesBuildPhase section */

/* Begin PBXSourcesBuildPhase section */
		9DB1A86A1F70CA6100C71162 /* Sources */ = {
			isa = PBXSourcesBuildPhase;
			buildActionMask = 2147483647;
			files = (
				9DB1A8741F70CA6100C71162 /* ViewController.swift in Sources */,
				9DB1A8721F70CA6100C71162 /* AppDelegate.swift in Sources */,
			);
			runOnlyForDeploymentPostprocessing = 0;
		};
/* End PBXSourcesBuildPhase section */

/* Begin PBXVariantGroup section */
		9DB1A8751F70CA6100C71162 /* Main.storyboard */ = {
			isa = PBXVariantGroup;
			children = (
				9DB1A8761F70CA6100C71162 /* Base */,
			);
			name = Main.storyboard;
			sourceTree = "<group>";
		};
		9DB1A87A1F70CA6100C71162 /* LaunchScreen.storyboard */ = {
			isa = PBXVariantGroup;
			children = (
				9DB1A87B1F70CA6100C71162 /* Base */,
			);
			name = LaunchScreen.storyboard;
			sourceTree = "<group>";
		};
/* End PBXVariantGroup section */

/* Begin XCBuildConfiguration section */
		9DB1A87E1F70CA6100C71162 /* Debug */ = {
			isa = XCBuildConfiguration;
			buildSettings = {
				ALWAYS_SEARCH_USER_PATHS = NO;
				CLANG_ANALYZER_NONNULL = YES;
				CLANG_ANALYZER_NUMBER_OBJECT_CONVERSION = YES_AGGRESSIVE;
				CLANG_CXX_LANGUAGE_STANDARD = "gnu++14";
				CLANG_CXX_LIBRARY = "libc++";
				CLANG_ENABLE_MODULES = YES;
				CLANG_ENABLE_OBJC_ARC = YES;
				CLANG_WARN_BLOCK_CAPTURE_AUTORELEASING = YES;
				CLANG_WARN_BOOL_CONVERSION = YES;
				CLANG_WARN_COMMA = YES;
				CLANG_WARN_CONSTANT_CONVERSION = YES;
				CLANG_WARN_DIRECT_OBJC_ISA_USAGE = YES_ERROR;
				CLANG_WARN_DOCUMENTATION_COMMENTS = YES;
				CLANG_WARN_EMPTY_BODY = YES;
				CLANG_WARN_ENUM_CONVERSION = YES;
				CLANG_WARN_INFINITE_RECURSION = YES;
				CLANG_WARN_INT_CONVERSION = YES;
				CLANG_WARN_NON_LITERAL_NULL_CONVERSION = YES;
				CLANG_WARN_OBJC_LITERAL_CONVERSION = YES;
				CLANG_WARN_OBJC_ROOT_CLASS = YES_ERROR;
				CLANG_WARN_RANGE_LOOP_ANALYSIS = YES;
				CLANG_WARN_STRICT_PROTOTYPES = YES;
				CLANG_WARN_SUSPICIOUS_MOVE = YES;
				CLANG_WARN_UNGUARDED_AVAILABILITY = YES_AGGRESSIVE;
				CLANG_WARN_UNREACHABLE_CODE = YES;
				CLANG_WARN__DUPLICATE_METHOD_MATCH = YES;
				CODE_SIGN_IDENTITY = "iPhone Developer";
				COPY_PHASE_STRIP = NO;
				DEBUG_INFORMATION_FORMAT = dwarf;
				ENABLE_STRICT_OBJC_MSGSEND = YES;
				ENABLE_TESTABILITY = YES;
				GCC_C_LANGUAGE_STANDARD = gnu11;
				GCC_DYNAMIC_NO_PIC = NO;
				GCC_NO_COMMON_BLOCKS = YES;
				GCC_OPTIMIZATION_LEVEL = 0;
				GCC_PREPROCESSOR_DEFINITIONS = (
					"DEBUG=1",
					"$(inherited)",
				);
				GCC_WARN_64_TO_32_BIT_CONVERSION = YES;
				GCC_WARN_ABOUT_RETURN_TYPE = YES_ERROR;
				GCC_WARN_UNDECLARED_SELECTOR = YES;
				GCC_WARN_UNINITIALIZED_AUTOS = YES_AGGRESSIVE;
				GCC_WARN_UNUSED_FUNCTION = YES;
				GCC_WARN_UNUSED_VARIABLE = YES;
				IPHONEOS_DEPLOYMENT_TARGET = 11.0;
				MTL_ENABLE_DEBUG_INFO = YES;
				ONLY_ACTIVE_ARCH = YES;
				SDKROOT = iphoneos;
				SWIFT_ACTIVE_COMPILATION_CONDITIONS = DEBUG;
				SWIFT_OPTIMIZATION_LEVEL = "-Onone";
			};
			name = Debug;
		};
		9DB1A87F1F70CA6100C71162 /* Release */ = {
			isa = XCBuildConfiguration;
			buildSettings = {
				ALWAYS_SEARCH_USER_PATHS = NO;
				CLANG_ANALYZER_NONNULL = YES;
				CLANG_ANALYZER_NUMBER_OBJECT_CONVERSION = YES_AGGRESSIVE;
				CLANG_CXX_LANGUAGE_STANDARD = "gnu++14";
				CLANG_CXX_LIBRARY = "libc++";
				CLANG_ENABLE_MODULES = YES;
				CLANG_ENABLE_OBJC_ARC = YES;
				CLANG_WARN_BLOCK_CAPTURE_AUTORELEASING = YES;
				CLANG_WARN_BOOL_CONVERSION = YES;
				CLANG_WARN_COMMA = YES;
				CLANG_WARN_CONSTANT_CONVERSION = YES;
				CLANG_WARN_DIRECT_OBJC_ISA_USAGE = YES_ERROR;
				CLANG_WARN_DOCUMENTATION_COMMENTS = YES;
				CLANG_WARN_EMPTY_BODY = YES;
				CLANG_WARN_ENUM_CONVERSION = YES;
				CLANG_WARN_INFINITE_RECURSION = YES;
				CLANG_WARN_INT_CONVERSION = YES;
				CLANG_WARN_NON_LITERAL_NULL_CONVERSION = YES;
				CLANG_WARN_OBJC_LITERAL_CONVERSION = YES;
				CLANG_WARN_OBJC_ROOT_CLASS = YES_ERROR;
				CLANG_WARN_RANGE_LOOP_ANALYSIS = YES;
				CLANG_WARN_STRICT_PROTOTYPES = YES;
				CLANG_WARN_SUSPICIOUS_MOVE = YES;
				CLANG_WARN_UNGUARDED_AVAILABILITY = YES_AGGRESSIVE;
				CLANG_WARN_UNREACHABLE_CODE = YES;
				CLANG_WARN__DUPLICATE_METHOD_MATCH = YES;
				CODE_SIGN_IDENTITY = "iPhone Developer";
				COPY_PHASE_STRIP = NO;
				DEBUG_INFORMATION_FORMAT = "dwarf-with-dsym";
				ENABLE_NS_ASSERTIONS = NO;
				ENABLE_STRICT_OBJC_MSGSEND = YES;
				GCC_C_LANGUAGE_STANDARD = gnu11;
				GCC_NO_COMMON_BLOCKS = YES;
				GCC_WARN_64_TO_32_BIT_CONVERSION = YES;
				GCC_WARN_ABOUT_RETURN_TYPE = YES_ERROR;
				GCC_WARN_UNDECLARED_SELECTOR = YES;
				GCC_WARN_UNINITIALIZED_AUTOS = YES_AGGRESSIVE;
				GCC_WARN_UNUSED_FUNCTION = YES;
				GCC_WARN_UNUSED_VARIABLE = YES;
				IPHONEOS_DEPLOYMENT_TARGET = 11.0;
				MTL_ENABLE_DEBUG_INFO = NO;
				SDKROOT = iphoneos;
				SWIFT_OPTIMIZATION_LEVEL = "-Owholemodule";
				VALIDATE_PRODUCT = YES;
			};
			name = Release;
		};
		9DB1A8811F70CA6100C71162 /* Debug */ = {
			isa = XCBuildConfiguration;
			buildSettings = {
				ASSETCATALOG_COMPILER_APPICON_NAME = AppIcon;
				CODE_SIGN_STYLE = Automatic;
				DEVELOPMENT_TEAM = FKZ8ND3H92;
				INFOPLIST_FILE = SeeFood2/Info.plist;
				LD_RUNPATH_SEARCH_PATHS = "$(inherited) @executable_path/Frameworks";
				PRODUCT_BUNDLE_IDENTIFIER = com.voco.learn.SeeFood2;
				PRODUCT_NAME = "$(TARGET_NAME)";
				SWIFT_VERSION = 4.0;
				TARGETED_DEVICE_FAMILY = "1,2";
			};
			name = Debug;
		};
		9DB1A8821F70CA6100C71162 /* Release */ = {
			isa = XCBuildConfiguration;
			buildSettings = {
				ASSETCATALOG_COMPILER_APPICON_NAME = AppIcon;
				CODE_SIGN_STYLE = Automatic;
				DEVELOPMENT_TEAM = FKZ8ND3H92;
				INFOPLIST_FILE = SeeFood2/Info.plist;
				LD_RUNPATH_SEARCH_PATHS = "$(inherited) @executable_path/Frameworks";
				PRODUCT_BUNDLE_IDENTIFIER = com.voco.learn.SeeFood2;
				PRODUCT_NAME = "$(TARGET_NAME)";
				SWIFT_VERSION = 4.0;
				TARGETED_DEVICE_FAMILY = "1,2";
			};
			name = Release;
		};
/* End XCBuildConfiguration section */

/* Begin XCConfigurationList section */
		9DB1A8691F70CA6100C71162 /* Build configuration list for PBXProject "SeeFood2" */ = {
			isa = XCConfigurationList;
			buildConfigurations = (
				9DB1A87E1F70CA6100C71162 /* Debug */,
				9DB1A87F1F70CA6100C71162 /* Release */,
			);
			defaultConfigurationIsVisible = 0;
			defaultConfigurationName = Release;
		};
		9DB1A8801F70CA6100C71162 /* Build configuration list for PBXNativeTarget "SeeFood2" */ = {
			isa = XCConfigurationList;
			buildConfigurations = (
				9DB1A8811F70CA6100C71162 /* Debug */,
				9DB1A8821F70CA6100C71162 /* Release */,
			);
			defaultConfigurationIsVisible = 0;
			defaultConfigurationName = Release;
		};
/* End XCConfigurationList section */
	};
	rootObject = 9DB1A8661F70CA6100C71162 /* Project object */;
}
