// !$*UTF8*$!
{
	archiveVersion = 1;
	classes = {
	};
	objectVersion = 46;
	objects = {

/* Begin PBXBuildFile section */
		6321A9C31B94EBA10053D2E7 /* Images.xcassets in Resources */ = {isa = PBXBuildFile; fileRef = 6321A9C21B94EBA10053D2E7 /* Images.xcassets */; };
		6321A9E21B94EBE70053D2E7 /* CustomMessageCell.swift in Sources */ = {isa = PBXBuildFile; fileRef = 6321A9DB1B94EBE70053D2E7 /* CustomMessageCell.swift */; };
		6321A9E51B94EBE70053D2E7 /* MessageCell.xib in Resources */ = {isa = PBXBuildFile; fileRef = 6321A9DE1B94EBE70053D2E7 /* MessageCell.xib */; };
		63E28B251B9A335300FBF6E0 /* Message.swift in Sources */ = {isa = PBXBuildFile; fileRef = 63E28B241B9A335300FBF6E0 /* Message.swift */; };
		63E28B291B9A336600FBF6E0 /* Main.storyboard in Resources */ = {isa = PBXBuildFile; fileRef = 63E28B281B9A336600FBF6E0 /* Main.storyboard */; };
		63E28B2F1B9A337600FBF6E0 /* AppDelegate.swift in Sources */ = {isa = PBXBuildFile; fileRef = 63E28B2A1B9A337600FBF6E0 /* AppDelegate.swift */; };
		63E28B301B9A337600FBF6E0 /* ChatViewController.swift in Sources */ = {isa = PBXBuildFile; fileRef = 63E28B2B1B9A337600FBF6E0 /* ChatViewController.swift */; };
		63E28B311B9A337600FBF6E0 /* LogInViewController.swift in Sources */ = {isa = PBXBuildFile; fileRef = 63E28B2C1B9A337600FBF6E0 /* LogInViewController.swift */; };
		63E28B321B9A337600FBF6E0 /* RegisterViewController.swift in Sources */ = {isa = PBXBuildFile; fileRef = 63E28B2D1B9A337600FBF6E0 /* RegisterViewController.swift */; };
		63E28B331B9A337600FBF6E0 /* WelcomeViewController.swift in Sources */ = {isa = PBXBuildFile; fileRef = 63E28B2E1B9A337600FBF6E0 /* WelcomeViewController.swift */; };
		6E330B8F39F653AD65598F2F /* Pods_VoChat.framework in Frameworks */ = {isa = PBXBuildFile; fileRef = C9F25121C91582BF57FD3CE7 /* Pods_VoChat.framework */; };
		9DF07A8D1FA02F420049610F /* GoogleService-Info.plist in Resources */ = {isa = PBXBuildFile; fileRef = 9DF07A8C1FA02F420049610F /* GoogleService-Info.plist */; };
/* End PBXBuildFile section */

/* Begin PBXFileReference section */
		4F0DAF0A9D3E1EF514669DD3 /* Pods-VoChat.release.xcconfig */ = {isa = PBXFileReference; includeInIndex = 1; lastKnownFileType = text.xcconfig; name = "Pods-VoChat.release.xcconfig"; path = "Pods/Target Support Files/Pods-VoChat/Pods-VoChat.release.xcconfig"; sourceTree = "<group>"; };
		6321A9B61B94EBA10053D2E7 /* VoChat.app */ = {isa = PBXFileReference; explicitFileType = wrapper.application; includeInIndex = 0; path = VoChat.app; sourceTree = BUILT_PRODUCTS_DIR; };
		6321A9BA1B94EBA10053D2E7 /* Info.plist */ = {isa = PBXFileReference; lastKnownFileType = text.plist.xml; path = Info.plist; sourceTree = "<group>"; };
		6321A9C21B94EBA10053D2E7 /* Images.xcassets */ = {isa = PBXFileReference; lastKnownFileType = folder.assetcatalog; path = Images.xcassets; sourceTree = "<group>"; };
		6321A9DB1B94EBE70053D2E7 /* CustomMessageCell.swift */ = {isa = PBXFileReference; fileEncoding = 4; lastKnownFileType = sourcecode.swift; path = CustomMessageCell.swift; sourceTree = "<group>"; };
		6321A9DE1B94EBE70053D2E7 /* MessageCell.xib */ = {isa = PBXFileReference; fileEncoding = 4; lastKnownFileType = file.xib; path = MessageCell.xib; sourceTree = "<group>"; };
		63E28B241B9A335300FBF6E0 /* Message.swift */ = {isa = PBXFileReference; fileEncoding = 4; lastKnownFileType = sourcecode.swift; path = Message.swift; sourceTree = "<group>"; };
		63E28B281B9A336600FBF6E0 /* Main.storyboard */ = {isa = PBXFileReference; fileEncoding = 4; lastKnownFileType = file.storyboard; path = Main.storyboard; sourceTree = "<group>"; };
		63E28B2A1B9A337600FBF6E0 /* AppDelegate.swift */ = {isa = PBXFileReference; fileEncoding = 4; lastKnownFileType = sourcecode.swift; path = AppDelegate.swift; sourceTree = "<group>"; };
		63E28B2B1B9A337600FBF6E0 /* ChatViewController.swift */ = {isa = PBXFileReference; fileEncoding = 4; lastKnownFileType = sourcecode.swift; path = ChatViewController.swift; sourceTree = "<group>"; };
		63E28B2C1B9A337600FBF6E0 /* LogInViewController.swift */ = {isa = PBXFileReference; fileEncoding = 4; lastKnownFileType = sourcecode.swift; path = LogInViewController.swift; sourceTree = "<group>"; };
		63E28B2D1B9A337600FBF6E0 /* RegisterViewController.swift */ = {isa = PBXFileReference; fileEncoding = 4; lastKnownFileType = sourcecode.swift; path = RegisterViewController.swift; sourceTree = "<group>"; };
		63E28B2E1B9A337600FBF6E0 /* WelcomeViewController.swift */ = {isa = PBXFileReference; fileEncoding = 4; lastKnownFileType = sourcecode.swift; path = WelcomeViewController.swift; sourceTree = "<group>"; };
		9BF63C594B0C20644EA1AC0F /* Pods-Flash Chat.debug.xcconfig */ = {isa = PBXFileReference; includeInIndex = 1; lastKnownFileType = text.xcconfig; name = "Pods-Flash Chat.debug.xcconfig"; path = "Pods/Target Support Files/Pods-Flash Chat/Pods-Flash Chat.debug.xcconfig"; sourceTree = "<group>"; };
		9DF07A891FA02DC70049610F /* VoChat.entitlements */ = {isa = PBXFileReference; lastKnownFileType = text.plist.entitlements; path = VoChat.entitlements; sourceTree = "<group>"; };
		9DF07A8C1FA02F420049610F /* GoogleService-Info.plist */ = {isa = PBXFileReference; fileEncoding = 4; lastKnownFileType = text.plist.xml; path = "GoogleService-Info.plist"; sourceTree = "<group>"; };
		B2F09595A3A37359AFFACAD0 /* Pods-Flash Chat.release.xcconfig */ = {isa = PBXFileReference; includeInIndex = 1; lastKnownFileType = text.xcconfig; name = "Pods-Flash Chat.release.xcconfig"; path = "Pods/Target Support Files/Pods-Flash Chat/Pods-Flash Chat.release.xcconfig"; sourceTree = "<group>"; };
		C28118089B68EDADC32D2087 /* Pods_Flash_Chat.framework */ = {isa = PBXFileReference; explicitFileType = wrapper.framework; includeInIndex = 0; path = Pods_Flash_Chat.framework; sourceTree = BUILT_PRODUCTS_DIR; };
		C9F25121C91582BF57FD3CE7 /* Pods_VoChat.framework */ = {isa = PBXFileReference; explicitFileType = wrapper.framework; includeInIndex = 0; path = Pods_VoChat.framework; sourceTree = BUILT_PRODUCTS_DIR; };
		F6C24BFEBBAB5D303E3FBCCB /* Pods-VoChat.debug.xcconfig */ = {isa = PBXFileReference; includeInIndex = 1; lastKnownFileType = text.xcconfig; name = "Pods-VoChat.debug.xcconfig"; path = "Pods/Target Support Files/Pods-VoChat/Pods-VoChat.debug.xcconfig"; sourceTree = "<group>"; };
/* End PBXFileReference section */

/* Begin PBXFrameworksBuildPhase section */
		6321A9B31B94EBA10053D2E7 /* Frameworks */ = {
			isa = PBXFrameworksBuildPhase;
			buildActionMask = 2147483647;
			files = (
				6E330B8F39F653AD65598F2F /* Pods_VoChat.framework in Frameworks */,
			);
			runOnlyForDeploymentPostprocessing = 0;
		};
/* End PBXFrameworksBuildPhase section */

/* Begin PBXGroup section */
		21CFED7BD5556D6379DA4063 /* Pods */ = {
			isa = PBXGroup;
			children = (
				9BF63C594B0C20644EA1AC0F /* Pods-Flash Chat.debug.xcconfig */,
				B2F09595A3A37359AFFACAD0 /* Pods-Flash Chat.release.xcconfig */,
				F6C24BFEBBAB5D303E3FBCCB /* Pods-VoChat.debug.xcconfig */,
				4F0DAF0A9D3E1EF514669DD3 /* Pods-VoChat.release.xcconfig */,
			);
			name = Pods;
			sourceTree = "<group>";
		};
		6321A9AD1B94EBA10053D2E7 = {
			isa = PBXGroup;
			children = (
				6321A9B81B94EBA10053D2E7 /* VoChat */,
				6321A9B71B94EBA10053D2E7 /* Products */,
				21CFED7BD5556D6379DA4063 /* Pods */,
				8FCDDD7CB274EF7EEDFFFDD4 /* Frameworks */,
			);
			sourceTree = "<group>";
		};
		6321A9B71B94EBA10053D2E7 /* Products */ = {
			isa = PBXGroup;
			children = (
				6321A9B61B94EBA10053D2E7 /* VoChat.app */,
			);
			name = Products;
			sourceTree = "<group>";
		};
		6321A9B81B94EBA10053D2E7 /* VoChat */ = {
			isa = PBXGroup;
			children = (
				9DF07A891FA02DC70049610F /* VoChat.entitlements */,
				6321A9EE1B94EC360053D2E7 /* Model */,
				6321A9EB1B94EC170053D2E7 /* View */,
				6321A9EA1B94EC0A0053D2E7 /* Controller */,
				6321A9C21B94EBA10053D2E7 /* Images.xcassets */,
				6321A9B91B94EBA10053D2E7 /* Supporting Files */,
			);
			path = VoChat;
			sourceTree = "<group>";
		};
		6321A9B91B94EBA10053D2E7 /* Supporting Files */ = {
			isa = PBXGroup;
			children = (
				9DF07A8C1FA02F420049610F /* GoogleService-Info.plist */,
				6321A9BA1B94EBA10053D2E7 /* Info.plist */,
			);
			name = "Supporting Files";
			sourceTree = "<group>";
		};
		6321A9E91B94EBEE0053D2E7 /* Custom Cell */ = {
			isa = PBXGroup;
			children = (
				6321A9DB1B94EBE70053D2E7 /* CustomMessageCell.swift */,
				6321A9DE1B94EBE70053D2E7 /* MessageCell.xib */,
			);
			name = "Custom Cell";
			sourceTree = "<group>";
		};
		6321A9EA1B94EC0A0053D2E7 /* Controller */ = {
			isa = PBXGroup;
			children = (
				63E28B2A1B9A337600FBF6E0 /* AppDelegate.swift */,
				63E28B2B1B9A337600FBF6E0 /* ChatViewController.swift */,
				63E28B2C1B9A337600FBF6E0 /* LogInViewController.swift */,
				63E28B2D1B9A337600FBF6E0 /* RegisterViewController.swift */,
				63E28B2E1B9A337600FBF6E0 /* WelcomeViewController.swift */,
			);
			name = Controller;
			sourceTree = "<group>";
		};
		6321A9EB1B94EC170053D2E7 /* View */ = {
			isa = PBXGroup;
			children = (
				63E28B281B9A336600FBF6E0 /* Main.storyboard */,
				6321A9E91B94EBEE0053D2E7 /* Custom Cell */,
			);
			name = View;
			sourceTree = "<group>";
		};
		6321A9EE1B94EC360053D2E7 /* Model */ = {
			isa = PBXGroup;
			children = (
				63E28B241B9A335300FBF6E0 /* Message.swift */,
			);
			name = Model;
			sourceTree = "<group>";
		};
		8FCDDD7CB274EF7EEDFFFDD4 /* Frameworks */ = {
			isa = PBXGroup;
			children = (
				C28118089B68EDADC32D2087 /* Pods_Flash_Chat.framework */,
				C9F25121C91582BF57FD3CE7 /* Pods_VoChat.framework */,
			);
			name = Frameworks;
			sourceTree = "<group>";
		};
/* End PBXGroup section */

/* Begin PBXNativeTarget section */
		6321A9B51B94EBA10053D2E7 /* VoChat */ = {
			isa = PBXNativeTarget;
			buildConfigurationList = 6321A9D51B94EBA10053D2E7 /* Build configuration list for PBXNativeTarget "VoChat" */;
			buildPhases = (
				0DB7212609614AD8C42867A0 /* [CP] Check Pods Manifest.lock */,
				6321A9B21B94EBA10053D2E7 /* Sources */,
				6321A9B31B94EBA10053D2E7 /* Frameworks */,
				6321A9B41B94EBA10053D2E7 /* Resources */,
				D93FCA7BE1CF89053D6A5D7E /* [CP] Embed Pods Frameworks */,
				63242CFEEAD764859D4934F7 /* [CP] Copy Pods Resources */,
			);
			buildRules = (
			);
			dependencies = (
			);
			name = VoChat;
			productName = "Flash Chat";
			productReference = 6321A9B61B94EBA10053D2E7 /* VoChat.app */;
			productType = "com.apple.product-type.application";
		};
/* End PBXNativeTarget section */

/* Begin PBXProject section */
		6321A9AE1B94EBA10053D2E7 /* Project object */ = {
			isa = PBXProject;
			attributes = {
				LastSwiftMigration = 0700;
				LastSwiftUpdateCheck = 0700;
				LastUpgradeCheck = 0800;
				ORGANIZATIONNAME = "London App Brewery";
				TargetAttributes = {
					6321A9B51B94EBA10053D2E7 = {
						CreatedOnToolsVersion = 6.4;
						DevelopmentTeam = FKZ8ND3H92;
						LastSwiftMigration = 0800;
						ProvisioningStyle = Automatic;
						SystemCapabilities = {
							com.apple.BackgroundModes = {
								enabled = 1;
							};
							com.apple.Push = {
								enabled = 1;
							};
						};
					};
				};
			};
			buildConfigurationList = 6321A9B11B94EBA10053D2E7 /* Build configuration list for PBXProject "VoChat" */;
			compatibilityVersion = "Xcode 3.2";
			developmentRegion = English;
			hasScannedForEncodings = 0;
			knownRegions = (
				en,
				Base,
			);
			mainGroup = 6321A9AD1B94EBA10053D2E7;
			productRefGroup = 6321A9B71B94EBA10053D2E7 /* Products */;
			projectDirPath = "";
			projectRoot = "";
			targets = (
				6321A9B51B94EBA10053D2E7 /* VoChat */,
			);
		};
/* End PBXProject section */

/* Begin PBXResourcesBuildPhase section */
		6321A9B41B94EBA10053D2E7 /* Resources */ = {
			isa = PBXResourcesBuildPhase;
			buildActionMask = 2147483647;
			files = (
				63E28B291B9A336600FBF6E0 /* Main.storyboard in Resources */,
				9DF07A8D1FA02F420049610F /* GoogleService-Info.plist in Resources */,
				6321A9C31B94EBA10053D2E7 /* Images.xcassets in Resources */,
				6321A9E51B94EBE70053D2E7 /* MessageCell.xib in Resources */,
			);
			runOnlyForDeploymentPostprocessing = 0;
		};
/* End PBXResourcesBuildPhase section */

/* Begin PBXShellScriptBuildPhase section */
		0DB7212609614AD8C42867A0 /* [CP] Check Pods Manifest.lock */ = {
			isa = PBXShellScriptBuildPhase;
			buildActionMask = 2147483647;
			files = (
			);
			inputPaths = (
				"${PODS_PODFILE_DIR_PATH}/Podfile.lock",
				"${PODS_ROOT}/Manifest.lock",
			);
			name = "[CP] Check Pods Manifest.lock";
			outputPaths = (
				"$(DERIVED_FILE_DIR)/Pods-VoChat-checkManifestLockResult.txt",
			);
			runOnlyForDeploymentPostprocessing = 0;
			shellPath = /bin/sh;
			shellScript = "diff \"${PODS_PODFILE_DIR_PATH}/Podfile.lock\" \"${PODS_ROOT}/Manifest.lock\" > /dev/null\nif [ $? != 0 ] ; then\n    # print error to STDERR\n    echo \"error: The sandbox is not in sync with the Podfile.lock. Run 'pod install' or update your CocoaPods installation.\" >&2\n    exit 1\nfi\n# This output is used by Xcode 'outputs' to avoid re-running this script phase.\necho \"SUCCESS\" > \"${SCRIPT_OUTPUT_FILE_0}\"\n";
			showEnvVarsInLog = 0;
		};
		63242CFEEAD764859D4934F7 /* [CP] Copy Pods Resources */ = {
			isa = PBXShellScriptBuildPhase;
			buildActionMask = 2147483647;
			files = (
			);
			inputPaths = (
				"${SRCROOT}/Pods/Target Support Files/Pods-VoChat/Pods-VoChat-resources.sh",
				"${PODS_ROOT}/GoogleSignIn/Resources/GoogleSignIn.bundle",
			);
			name = "[CP] Copy Pods Resources";
			outputPaths = (
				"${TARGET_BUILD_DIR}/${UNLOCALIZED_RESOURCES_FOLDER_PATH}",
			);
			runOnlyForDeploymentPostprocessing = 0;
			shellPath = /bin/sh;
			shellScript = "\"${SRCROOT}/Pods/Target Support Files/Pods-VoChat/Pods-VoChat-resources.sh\"\n";
			showEnvVarsInLog = 0;
		};
		D93FCA7BE1CF89053D6A5D7E /* [CP] Embed Pods Frameworks */ = {
			isa = PBXShellScriptBuildPhase;
			buildActionMask = 2147483647;
			files = (
			);
			inputPaths = (
				"${SRCROOT}/Pods/Target Support Files/Pods-VoChat/Pods-VoChat-frameworks.sh",
				"${BUILT_PRODUCTS_DIR}/Alamofire/Alamofire.framework",
				"${BUILT_PRODUCTS_DIR}/ChameleonFramework/ChameleonFramework.framework",
				"${BUILT_PRODUCTS_DIR}/GTMOAuth2/GTMOAuth2.framework",
				"${BUILT_PRODUCTS_DIR}/GTMSessionFetcher/GTMSessionFetcher.framework",
				"${BUILT_PRODUCTS_DIR}/GoogleToolboxForMac/GoogleToolboxForMac.framework",
				"${BUILT_PRODUCTS_DIR}/Protobuf/Protobuf.framework",
				"${BUILT_PRODUCTS_DIR}/SVProgressHUD/SVProgressHUD.framework",
				"${BUILT_PRODUCTS_DIR}/SwiftyJSON/SwiftyJSON.framework",
			);
			name = "[CP] Embed Pods Frameworks";
			outputPaths = (
				"${TARGET_BUILD_DIR}/${FRAMEWORKS_FOLDER_PATH}/Alamofire.framework",
				"${TARGET_BUILD_DIR}/${FRAMEWORKS_FOLDER_PATH}/ChameleonFramework.framework",
				"${TARGET_BUILD_DIR}/${FRAMEWORKS_FOLDER_PATH}/GTMOAuth2.framework",
				"${TARGET_BUILD_DIR}/${FRAMEWORKS_FOLDER_PATH}/GTMSessionFetcher.framework",
				"${TARGET_BUILD_DIR}/${FRAMEWORKS_FOLDER_PATH}/GoogleToolboxForMac.framework",
				"${TARGET_BUILD_DIR}/${FRAMEWORKS_FOLDER_PATH}/Protobuf.framework",
				"${TARGET_BUILD_DIR}/${FRAMEWORKS_FOLDER_PATH}/SVProgressHUD.framework",
				"${TARGET_BUILD_DIR}/${FRAMEWORKS_FOLDER_PATH}/SwiftyJSON.framework",
			);
			runOnlyForDeploymentPostprocessing = 0;
			shellPath = /bin/sh;
			shellScript = "\"${SRCROOT}/Pods/Target Support Files/Pods-VoChat/Pods-VoChat-frameworks.sh\"\n";
			showEnvVarsInLog = 0;
		};
/* End PBXShellScriptBuildPhase section */

/* Begin PBXSourcesBuildPhase section */
		6321A9B21B94EBA10053D2E7 /* Sources */ = {
			isa = PBXSourcesBuildPhase;
			buildActionMask = 2147483647;
			files = (
				63E28B331B9A337600FBF6E0 /* WelcomeViewController.swift in Sources */,
				63E28B251B9A335300FBF6E0 /* Message.swift in Sources */,
				6321A9E21B94EBE70053D2E7 /* CustomMessageCell.swift in Sources */,
				63E28B321B9A337600FBF6E0 /* RegisterViewController.swift in Sources */,
				63E28B311B9A337600FBF6E0 /* LogInViewController.swift in Sources */,
				63E28B2F1B9A337600FBF6E0 /* AppDelegate.swift in Sources */,
				63E28B301B9A337600FBF6E0 /* ChatViewController.swift in Sources */,
			);
			runOnlyForDeploymentPostprocessing = 0;
		};
/* End PBXSourcesBuildPhase section */

/* Begin XCBuildConfiguration section */
		6321A9D31B94EBA10053D2E7 /* Debug */ = {
			isa = XCBuildConfiguration;
			buildSettings = {
				ALWAYS_SEARCH_USER_PATHS = NO;
				CLANG_CXX_LANGUAGE_STANDARD = "gnu++0x";
				CLANG_CXX_LIBRARY = "libc++";
				CLANG_ENABLE_MODULES = YES;
				CLANG_ENABLE_OBJC_ARC = YES;
				CLANG_WARN_BOOL_CONVERSION = YES;
				CLANG_WARN_CONSTANT_CONVERSION = YES;
				CLANG_WARN_DIRECT_OBJC_ISA_USAGE = YES_ERROR;
				CLANG_WARN_EMPTY_BODY = YES;
				CLANG_WARN_ENUM_CONVERSION = YES;
				CLANG_WARN_INFINITE_RECURSION = YES;
				CLANG_WARN_INT_CONVERSION = YES;
				CLANG_WARN_OBJC_ROOT_CLASS = YES_ERROR;
				CLANG_WARN_SUSPICIOUS_MOVE = YES;
				CLANG_WARN_UNREACHABLE_CODE = YES;
				CLANG_WARN__DUPLICATE_METHOD_MATCH = YES;
				"CODE_SIGN_IDENTITY[sdk=iphoneos*]" = "iPhone Developer";
				COPY_PHASE_STRIP = NO;
				DEBUG_INFORMATION_FORMAT = "dwarf-with-dsym";
				ENABLE_STRICT_OBJC_MSGSEND = YES;
				ENABLE_TESTABILITY = YES;
				GCC_C_LANGUAGE_STANDARD = gnu99;
				GCC_DYNAMIC_NO_PIC = NO;
				GCC_NO_COMMON_BLOCKS = YES;
				GCC_OPTIMIZATION_LEVEL = 0;
				GCC_PREPROCESSOR_DEFINITIONS = (
					"DEBUG=1",
					"$(inherited)",
				);
				GCC_SYMBOLS_PRIVATE_EXTERN = NO;
				GCC_WARN_64_TO_32_BIT_CONVERSION = YES;
				GCC_WARN_ABOUT_RETURN_TYPE = YES_ERROR;
				GCC_WARN_UNDECLARED_SELECTOR = YES;
				GCC_WARN_UNINITIALIZED_AUTOS = YES_AGGRESSIVE;
				GCC_WARN_UNUSED_FUNCTION = YES;
				GCC_WARN_UNUSED_VARIABLE = YES;
				IPHONEOS_DEPLOYMENT_TARGET = 9.0;
				MTL_ENABLE_DEBUG_INFO = YES;
				ONLY_ACTIVE_ARCH = YES;
				SDKROOT = iphoneos;
				SWIFT_OPTIMIZATION_LEVEL = "-Onone";
			};
			name = Debug;
		};
		6321A9D41B94EBA10053D2E7 /* Release */ = {
			isa = XCBuildConfiguration;
			buildSettings = {
				ALWAYS_SEARCH_USER_PATHS = NO;
				CLANG_CXX_LANGUAGE_STANDARD = "gnu++0x";
				CLANG_CXX_LIBRARY = "libc++";
				CLANG_ENABLE_MODULES = YES;
				CLANG_ENABLE_OBJC_ARC = YES;
				CLANG_WARN_BOOL_CONVERSION = YES;
				CLANG_WARN_CONSTANT_CONVERSION = YES;
				CLANG_WARN_DIRECT_OBJC_ISA_USAGE = YES_ERROR;
				CLANG_WARN_EMPTY_BODY = YES;
				CLANG_WARN_ENUM_CONVERSION = YES;
				CLANG_WARN_INFINITE_RECURSION = YES;
				CLANG_WARN_INT_CONVERSION = YES;
				CLANG_WARN_OBJC_ROOT_CLASS = YES_ERROR;
				CLANG_WARN_SUSPICIOUS_MOVE = YES;
				CLANG_WARN_UNREACHABLE_CODE = YES;
				CLANG_WARN__DUPLICATE_METHOD_MATCH = YES;
				"CODE_SIGN_IDENTITY[sdk=iphoneos*]" = "iPhone Developer";
				COPY_PHASE_STRIP = NO;
				DEBUG_INFORMATION_FORMAT = "dwarf-with-dsym";
				ENABLE_NS_ASSERTIONS = NO;
				ENABLE_STRICT_OBJC_MSGSEND = YES;
				GCC_C_LANGUAGE_STANDARD = gnu99;
				GCC_NO_COMMON_BLOCKS = YES;
				GCC_WARN_64_TO_32_BIT_CONVERSION = YES;
				GCC_WARN_ABOUT_RETURN_TYPE = YES_ERROR;
				GCC_WARN_UNDECLARED_SELECTOR = YES;
				GCC_WARN_UNINITIALIZED_AUTOS = YES_AGGRESSIVE;
				GCC_WARN_UNUSED_FUNCTION = YES;
				GCC_WARN_UNUSED_VARIABLE = YES;
				IPHONEOS_DEPLOYMENT_TARGET = 9.0;
				MTL_ENABLE_DEBUG_INFO = NO;
				SDKROOT = iphoneos;
				SWIFT_OPTIMIZATION_LEVEL = "-Owholemodule";
				VALIDATE_PRODUCT = YES;
			};
			name = Release;
		};
		6321A9D61B94EBA10053D2E7 /* Debug */ = {
			isa = XCBuildConfiguration;
			baseConfigurationReference = F6C24BFEBBAB5D303E3FBCCB /* Pods-VoChat.debug.xcconfig */;
			buildSettings = {
				ASSETCATALOG_COMPILER_APPICON_NAME = AppIcon;
				CODE_SIGN_ENTITLEMENTS = VoChat/VoChat.entitlements;
				"CODE_SIGN_IDENTITY[sdk=iphoneos*]" = "iPhone Developer";
				DEVELOPMENT_TEAM = FKZ8ND3H92;
				FRAMEWORK_SEARCH_PATHS = (
					"$(inherited)",
					"$(PROJECT_DIR)",
				);
				INFOPLIST_FILE = VoChat/Info.plist;
				IPHONEOS_DEPLOYMENT_TARGET = 9.0;
				LD_RUNPATH_SEARCH_PATHS = "$(inherited) @executable_path/Frameworks";
				PRODUCT_BUNDLE_IDENTIFIER = com.voco.VoChat;
				PRODUCT_NAME = "$(TARGET_NAME)";
				SWIFT_OBJC_BRIDGING_HEADER = "";
				SWIFT_VERSION = 3.0;
			};
			name = Debug;
		};
		6321A9D71B94EBA10053D2E7 /* Release */ = {
			isa = XCBuildConfiguration;
			baseConfigurationReference = 4F0DAF0A9D3E1EF514669DD3 /* Pods-VoChat.release.xcconfig */;
			buildSettings = {
				ASSETCATALOG_COMPILER_APPICON_NAME = AppIcon;
				CODE_SIGN_ENTITLEMENTS = VoChat/VoChat.entitlements;
				"CODE_SIGN_IDENTITY[sdk=iphoneos*]" = "iPhone Developer";
				DEVELOPMENT_TEAM = FKZ8ND3H92;
				FRAMEWORK_SEARCH_PATHS = (
					"$(inherited)",
					"$(PROJECT_DIR)",
				);
				INFOPLIST_FILE = VoChat/Info.plist;
				IPHONEOS_DEPLOYMENT_TARGET = 9.0;
				LD_RUNPATH_SEARCH_PATHS = "$(inherited) @executable_path/Frameworks";
				PRODUCT_BUNDLE_IDENTIFIER = com.voco.VoChat;
				PRODUCT_NAME = "$(TARGET_NAME)";
				SWIFT_OBJC_BRIDGING_HEADER = "";
				SWIFT_VERSION = 3.0;
			};
			name = Release;
		};
/* End XCBuildConfiguration section */

/* Begin XCConfigurationList section */
		6321A9B11B94EBA10053D2E7 /* Build configuration list for PBXProject "VoChat" */ = {
			isa = XCConfigurationList;
			buildConfigurations = (
				6321A9D31B94EBA10053D2E7 /* Debug */,
				6321A9D41B94EBA10053D2E7 /* Release */,
			);
			defaultConfigurationIsVisible = 0;
			defaultConfigurationName = Release;
		};
		6321A9D51B94EBA10053D2E7 /* Build configuration list for PBXNativeTarget "VoChat" */ = {
			isa = XCConfigurationList;
			buildConfigurations = (
				6321A9D61B94EBA10053D2E7 /* Debug */,
				6321A9D71B94EBA10053D2E7 /* Release */,
			);
			defaultConfigurationIsVisible = 0;
			defaultConfigurationName = Release;
		};
/* End XCConfigurationList section */
	};
	rootObject = 6321A9AE1B94EBA10053D2E7 /* Project object */;
}
